
Microsoft Visual Studio Solution File, Format Version 12.00
# Visual Studio Version 16
VisualStudioVersion = 16.6.30114.105
MinimumVisualStudioVersion = 10.0.40219.1
Project("{9A19103F-16F7-4668-BE54-9A1E7A4F7556}") = "HandEvaluator", "HandEvaluator\HandEvaluator.csproj", "{42905660-E186-40D9-AB63-5E180AF6818F}"
EndProject
Project("{9A19103F-16F7-4668-BE54-9A1E7A4F7556}") = "HandEvaluator.Test", "HandEvaluator.Test\HandEvaluator.Test.csproj", "{185F186A-B729-4EF1-AAF3-29704F80936D}"
EndProject
Project("{2150E333-8FDC-42A3-9474-1A3956D46DE8}") = "Solution Items", "Solution Items", "{B1702E17-40D5-4FCE-B9C0-AD644F982E95}"
	ProjectSection(SolutionItems) = preProject
		.editorconfig = .editorconfig
	EndProjectSection
EndProject
Global
	GlobalSection(SolutionConfigurationPlatforms) = preSolution
		Debug|Any CPU = Debug|Any CPU
		Debug|x64 = Debug|x64
		Debug|x86 = Debug|x86
		Release|Any CPU = Release|Any CPU
		Release|x64 = Release|x64
		Release|x86 = Release|x86
	EndGlobalSection
	GlobalSection(ProjectConfigurationPlatforms) = postSolution
		{42905660-E186-40D9-AB63-5E180AF6818F}.Debug|Any CPU.ActiveCfg = Debug|Any CPU
		{42905660-E186-40D9-AB63-5E180AF6818F}.Debug|Any CPU.Build.0 = Debug|Any CPU
		{42905660-E186-40D9-AB63-5E180AF6818F}.Debug|x64.ActiveCfg = Debug|Any CPU
		{42905660-E186-40D9-AB63-5E180AF6818F}.Debug|x64.Build.0 = Debug|Any CPU
		{42905660-E186-40D9-AB63-5E180AF6818F}.Debug|x86.ActiveCfg = Debug|Any CPU
		{42905660-E186-40D9-AB63-5E180AF6818F}.Debug|x86.Build.0 = Debug|Any CPU
		{42905660-E186-40D9-AB63-5E180AF6818F}.Release|Any CPU.ActiveCfg = Release|Any CPU
		{42905660-E186-40D9-AB63-5E180AF6818F}.Release|Any CPU.Build.0 = Release|Any CPU
		{42905660-E186-40D9-AB63-5E180AF6818F}.Release|x64.ActiveCfg = Release|Any CPU
		{42905660-E186-40D9-AB63-5E180AF6818F}.Release|x64.Build.0 = Release|Any CPU
		{42905660-E186-40D9-AB63-5E180AF6818F}.Release|x86.ActiveCfg = Release|Any CPU
		{42905660-E186-40D9-AB63-5E180AF6818F}.Release|x86.Build.0 = Release|Any CPU
		{185F186A-B729-4EF1-AAF3-29704F80936D}.Debug|Any CPU.ActiveCfg = Debug|Any CPU
		{185F186A-B729-4EF1-AAF3-29704F80936D}.Debug|Any CPU.Build.0 = Debug|Any CPU
		{185F186A-B729-4EF1-AAF3-29704F80936D}.Debug|x64.ActiveCfg = Debug|Any CPU
		{185F186A-B729-4EF1-AAF3-29704F80936D}.Debug|x64.Build.0 = Debug|Any CPU
		{185F186A-B729-4EF1-AAF3-29704F80936D}.Debug|x86.ActiveCfg = Debug|Any CPU
		{185F186A-B729-4EF1-AAF3-29704F80936D}.Debug|x86.Build.0 = Debug|Any CPU
		{185F186A-B729-4EF1-AAF3-29704F80936D}.Release|Any CPU.ActiveCfg = Release|Any CPU
		{185F186A-B729-4EF1-AAF3-29704F80936D}.Release|Any CPU.Build.0 = Release|Any CPU
		{185F186A-B729-4EF1-AAF3-29704F80936D}.Release|x64.ActiveCfg = Release|Any CPU
		{185F186A-B729-4EF1-AAF3-29704F80936D}.Release|x64.Build.0 = Release|Any CPU
		{185F186A-B729-4EF1-AAF3-29704F80936D}.Release|x86.ActiveCfg = Release|Any CPU
		{185F186A-B729-4EF1-AAF3-29704F80936D}.Release|x86.Build.0 = Release|Any CPU
	EndGlobalSection
	GlobalSection(SolutionProperties) = preSolution
		HideSolutionNode = FALSE
	EndGlobalSection
	GlobalSection(ExtensibilityGlobals) = postSolution
		SolutionGuid = {670FFCFA-63E8-4F70-BCD7-2D2A9370ED4C}
	EndGlobalSection
EndGlobal
